
Microsoft Visual Studio Solution File, Format Version 12.00
# Visual Studio 15
VisualStudioVersion = 15.0.26228.4
MinimumVisualStudioVersion = 10.0.40219.1
Project("{2150E333-8FDC-42A3-9474-1A3956D46DE8}") = "01 Presentation", "01 Presentation", "{8CD3DC41-6131-46E2-B2F8-63A0DE5E453C}"
EndProject
Project("{2150E333-8FDC-42A3-9474-1A3956D46DE8}") = "02 Hosts", "02 Hosts", "{C6E65DC3-F931-4BEF-BF1F-77176952634F}"
EndProject
Project("{2150E333-8FDC-42A3-9474-1A3956D46DE8}") = "03 Business", "03 Business", "{FDEF85BD-E931-4DD1-BC6D-6A926D55C869}"
EndProject
Project("{2150E333-8FDC-42A3-9474-1A3956D46DE8}") = "04 CrossCutting", "04 CrossCutting", "{519BF6A9-961C-4BC2-90EF-53043CD80D54}"
EndProject
Project("{2150E333-8FDC-42A3-9474-1A3956D46DE8}") = "05 Tests", "05 Tests", "{E6A17B34-8AA8-400B-8985-A90688464DC5}"
EndProject
Project("{FAE04EC0-301F-11D3-BF4B-00C04F79EFBC}") = "GAIT.Utilities", "Src\CrossCutting\GAIT.Utilities\GAIT.Utilities.csproj", "{454F4E7F-2180-4904-A2A3-20804A253A33}"
EndProject
Project("{FAE04EC0-301F-11D3-BF4B-00C04F79EFBC}") = "Rik.CodeCamp.Host", "Src\Hosts\Rik.CodeCamp.Host\Rik.CodeCamp.Host.csproj", "{A91C6BA6-CD4B-4E38-B9D3-FE475489AB8F}"
EndProject
Project("{FAE04EC0-301F-11D3-BF4B-00C04F79EFBC}") = "Rik.CodeCamp.Core", "Src\Business\Rik.CodeCamp.Core\Rik.CodeCamp.Core.csproj", "{24D2ED33-0BDE-4CB9-AE00-324013E37C83}"
EndProject
Project("{FAE04EC0-301F-11D3-BF4B-00C04F79EFBC}") = "Rik.CodeCamp.Data", "Src\CrossCutting\Rik.CodeCamp.Data\Rik.CodeCamp.Data.csproj", "{B2744FD9-4EF1-41B6-BA7A-B03C44DD4EC9}"
EndProject
Project("{FAE04EC0-301F-11D3-BF4B-00C04F79EFBC}") = "Rik.Codecamp.Entities", "Src\Business\Rik.Codecamp.Entities\Rik.Codecamp.Entities.csproj", "{9C26080B-5490-4E17-B788-8911781D63AE}"
EndProject
Project("{FAE04EC0-301F-11D3-BF4B-00C04F79EFBC}") = "Rik.CodeCamp.Repository", "Src\Business\Rik.CodeCamp.Repository\Rik.CodeCamp.Repository.csproj", "{E0E1DB22-D574-45EF-96C7-690FEAC0E826}"
EndProject
Global
	GlobalSection(SolutionConfigurationPlatforms) = preSolution
		Debug|Any CPU = Debug|Any CPU
		Release|Any CPU = Release|Any CPU
	EndGlobalSection
	GlobalSection(ProjectConfigurationPlatforms) = postSolution
		{454F4E7F-2180-4904-A2A3-20804A253A33}.Debug|Any CPU.ActiveCfg = Debug|Any CPU
		{454F4E7F-2180-4904-A2A3-20804A253A33}.Debug|Any CPU.Build.0 = Debug|Any CPU
		{454F4E7F-2180-4904-A2A3-20804A253A33}.Release|Any CPU.ActiveCfg = Release|Any CPU
		{454F4E7F-2180-4904-A2A3-20804A253A33}.Release|Any CPU.Build.0 = Release|Any CPU
		{A91C6BA6-CD4B-4E38-B9D3-FE475489AB8F}.Debug|Any CPU.ActiveCfg = Debug|Any CPU
		{A91C6BA6-CD4B-4E38-B9D3-FE475489AB8F}.Debug|Any CPU.Build.0 = Debug|Any CPU
		{A91C6BA6-CD4B-4E38-B9D3-FE475489AB8F}.Release|Any CPU.ActiveCfg = Release|Any CPU
		{A91C6BA6-CD4B-4E38-B9D3-FE475489AB8F}.Release|Any CPU.Build.0 = Release|Any CPU
		{24D2ED33-0BDE-4CB9-AE00-324013E37C83}.Debug|Any CPU.ActiveCfg = Debug|Any CPU
		{24D2ED33-0BDE-4CB9-AE00-324013E37C83}.Debug|Any CPU.Build.0 = Debug|Any CPU
		{24D2ED33-0BDE-4CB9-AE00-324013E37C83}.Release|Any CPU.ActiveCfg = Release|Any CPU
		{24D2ED33-0BDE-4CB9-AE00-324013E37C83}.Release|Any CPU.Build.0 = Release|Any CPU
		{B2744FD9-4EF1-41B6-BA7A-B03C44DD4EC9}.Debug|Any CPU.ActiveCfg = Debug|Any CPU
		{B2744FD9-4EF1-41B6-BA7A-B03C44DD4EC9}.Debug|Any CPU.Build.0 = Debug|Any CPU
		{B2744FD9-4EF1-41B6-BA7A-B03C44DD4EC9}.Release|Any CPU.ActiveCfg = Release|Any CPU
		{B2744FD9-4EF1-41B6-BA7A-B03C44DD4EC9}.Release|Any CPU.Build.0 = Release|Any CPU
		{9C26080B-5490-4E17-B788-8911781D63AE}.Debug|Any CPU.ActiveCfg = Debug|Any CPU
		{9C26080B-5490-4E17-B788-8911781D63AE}.Debug|Any CPU.Build.0 = Debug|Any CPU
		{9C26080B-5490-4E17-B788-8911781D63AE}.Release|Any CPU.ActiveCfg = Release|Any CPU
		{9C26080B-5490-4E17-B788-8911781D63AE}.Release|Any CPU.Build.0 = Release|Any CPU
		{E0E1DB22-D574-45EF-96C7-690FEAC0E826}.Debug|Any CPU.ActiveCfg = Debug|Any CPU
		{E0E1DB22-D574-45EF-96C7-690FEAC0E826}.Debug|Any CPU.Build.0 = Debug|Any CPU
		{E0E1DB22-D574-45EF-96C7-690FEAC0E826}.Release|Any CPU.ActiveCfg = Release|Any CPU
		{E0E1DB22-D574-45EF-96C7-690FEAC0E826}.Release|Any CPU.Build.0 = Release|Any CPU
	EndGlobalSection
	GlobalSection(SolutionProperties) = preSolution
		HideSolutionNode = FALSE
	EndGlobalSection
	GlobalSection(NestedProjects) = preSolution
		{454F4E7F-2180-4904-A2A3-20804A253A33} = {519BF6A9-961C-4BC2-90EF-53043CD80D54}
		{A91C6BA6-CD4B-4E38-B9D3-FE475489AB8F} = {C6E65DC3-F931-4BEF-BF1F-77176952634F}
		{24D2ED33-0BDE-4CB9-AE00-324013E37C83} = {FDEF85BD-E931-4DD1-BC6D-6A926D55C869}
		{B2744FD9-4EF1-41B6-BA7A-B03C44DD4EC9} = {519BF6A9-961C-4BC2-90EF-53043CD80D54}
		{9C26080B-5490-4E17-B788-8911781D63AE} = {FDEF85BD-E931-4DD1-BC6D-6A926D55C869}
		{E0E1DB22-D574-45EF-96C7-690FEAC0E826} = {FDEF85BD-E931-4DD1-BC6D-6A926D55C869}
	EndGlobalSection
EndGlobal
